<?xml version="1.0" encoding="utf-8"?>
<Project ToolsVersion="4.0" xmlns="http://schemas.microsoft.com/developer/msbuild/2003">
  <ItemGroup>
    <ClCompile Include="src\Caja.cpp" />
    <ClCompile Include="src\main.cpp" />
    <ClCompile Include="src\Mundo.cpp" />
    <ClCompile Include="src\Obstaculo.cpp" />
    <ClCompile Include="src\Pared.cpp" />
    <ClCompile Include="src\Personaje.cpp" />
    <ClCompile Include="src\Piso.cpp" />
    <ClCompile Include="src\Room.cpp" />
    <ClCompile Include="src\Vector2D.cpp" />

  </ItemGroup>
  <ItemGroup>
    <ClInclude Include="src\Caja.h" />
    <ClInclude Include="src\ColorRGB.h" />
    <ClInclude Include="src\Mundo.h" />
    <ClInclude Include="src\Obstaculo.h" />
    <ClInclude Include="src\Pared.h" />
    <ClInclude Include="src\Personaje.h" />
    <ClInclude Include="src\Piso.h" />
    <ClInclude Include="src\Room.h" />
    <ClInclude Include="src\Vector2D.h" />

  </ItemGroup>
</Project>